{
  "name": "wotan",
  "version": "0.0.1",
  "lockfileVersion": 1,
  "requires": true,
  "dependencies": {
    "@types/node": {
      "version": "https://registry.npmjs.org/@types/node/-/node-8.0.23.tgz",
      "integrity": "sha1-x0ZpcAR4I0ZZSg11XDRCW78wFNI=",
      "dev": true
    },
    "@types/reflect-metadata": {
      "version": "0.0.5",
      "resolved": "https://registry.npmjs.org/@types/reflect-metadata/-/reflect-metadata-0.0.5.tgz",
      "integrity": "sha1-nAQr+pgD1Xeq1PV9+8pLfK5Chv4=",
      "dev": true
    },
    "@types/websocket": {
      "version": "0.0.34",
      "resolved": "https://registry.npmjs.org/@types/websocket/-/websocket-0.0.34.tgz",
      "integrity": "sha512-cvN32rSoC4aXpXHG2Gf8/f8/gtyA7PmE38E3ENsMymFPgoG8xD/kH/KAVhTINCZTPqmgaWN86c1MitMEsuHjnQ==",
      "dev": true,
      "requires": {
        "@types/node": "https://registry.npmjs.org/@types/node/-/node-8.0.23.tgz"
      }
    },
    "reflect-metadata": {
      "version": "https://registry.npmjs.org/reflect-metadata/-/reflect-metadata-0.1.10.tgz",
      "integrity": "sha1-tPg3BEFqytiZiMmxVjXUfgO5NEo="
    },
    "ts-transformer-keys": {
      "version": "0.3.0",
      "resolved": "https://registry.npmjs.org/ts-transformer-keys/-/ts-transformer-keys-0.3.0.tgz",
      "integrity": "sha1-dbe7GiTi5EqNFoZJFDoL9qmx3R0="
    },
    "typescript": {
      "version": "https://registry.npmjs.org/typescript/-/typescript-2.4.2.tgz",
      "integrity": "sha1-+DlfhdRZJ2BnyYiqQYN6j4KHCEQ="
    }
  }
}
